<?xml version="1.0" encoding="utf-8"?>
<Project ToolsVersion="4.0" xmlns="http://schemas.microsoft.com/developer/msbuild/2003">
  <ItemGroup>
    <Filter Include="Source Files">
      <UniqueIdentifier>{f2363dc6-df47-485d-967a-19af6d407a45}</UniqueIdentifier>
      <Extensions>cpp;c;cxx;rc;def;r;odl;idl;hpj;bat</Extensions>
    </Filter>
    <Filter Include="Source Files\ResourceLoading">
      <UniqueIdentifier>{8110a64b-3fc5-438f-9760-508ba94f8e8f}</UniqueIdentifier>
    </Filter>
    <Filter Include="Source Files\Entities">
      <UniqueIdentifier>{9844c869-4b85-4b33-a245-e2d593e09bf3}</UniqueIdentifier>
    </Filter>
    <Filter Include="Header Files">
      <UniqueIdentifier>{470a776e-84a3-4ec6-9d09-62517295f754}</UniqueIdentifier>
      <Extensions>h;hpp;hxx;hm;inl</Extensions>
    </Filter>
    <Filter Include="Resource Files">
      <UniqueIdentifier>{6554d23f-5ff4-4616-8ec5-a5d29c3fb1cf}</UniqueIdentifier>
      <Extensions>ico;cur;bmp;dlg;rc2;rct;bin;rgs;gif;jpg;jpeg;jpe</Extensions>
    </Filter>
  </ItemGroup>
  <ItemGroup>
    <ClCompile Include="src\loadres.c">
      <Filter>Source Files\ResourceLoading</Filter>
    </ClCompile>
    <ClCompile Include="src\mdrespak.c">
      <Filter>Source Files\ResourceLoading</Filter>
    </ClCompile>
    <ClCompile Include="src\birdies.c">
      <Filter>Source Files\Entities</Filter>
    </ClCompile>
    <ClCompile Include="src\eggs.c">
      <Filter>Source Files\Entities</Filter>
    </ClCompile>
    <ClCompile Include="src\gamepiece.c">
      <Filter>Source Files\Entities</Filter>
    </ClCompile>
    <ClCompile Include="src\player.c">
      <Filter>Source Files\Entities</Filter>
    </ClCompile>
    <ClCompile Include="src\stone.c">
      <Filter>Source Files\Entities</Filter>
    </ClCompile>
    <ClCompile Include="src\textinfo.c">
      <Filter>Source Files\Entities</Filter>
    </ClCompile>
    <ClCompile Include="src\title.c">
      <Filter>Source Files\Entities</Filter>
    </ClCompile>
    <ClCompile Include="src\ai.c">
      <Filter>Source Files</Filter>
    </ClCompile>
    <ClCompile Include="src\animation.c">
      <Filter>Source Files</Filter>
    </ClCompile>
    <ClCompile Include="src\clstates.c">
      <Filter>Source Files</Filter>
    </ClCompile>
    <ClCompile Include="src\display.c">
      <Filter>Source Files</Filter>
    </ClCompile>
    <ClCompile Include="src\entity.c">
      <Filter>Source Files</Filter>
    </ClCompile>
    <ClCompile Include="src\gameplay.c">
      <Filter>Source Files</Filter>
    </ClCompile>
    <ClCompile Include="src\main.c">
      <Filter>Source Files</Filter>
    </ClCompile>
    <ClCompile Include="src\physics.c">
      <Filter>Source Files</Filter>
    </ClCompile>
    <ClCompile Include="src\piecedump.c">
      <Filter>Source Files</Filter>
    </ClCompile>
    <ClCompile Include="src\random.c">
      <Filter>Source Files</Filter>
    </ClCompile>
    <ClCompile Include="src\stat.c">
      <Filter>Source Files</Filter>
    </ClCompile>
    <ClCompile Include="src\audiomanager.cpp">
      <Filter>Source Files</Filter>
    </ClCompile>
    <ClCompile Include="src\XSourceVoice.cpp">
      <Filter>Source Files</Filter>
    </ClCompile>
    <ClCompile Include="src\XAudioBuffer.cpp">
      <Filter>Source Files</Filter>
    </ClCompile>
    <ClCompile Include="src\audiomanager_c_bridge.cpp">
      <Filter>Source Files</Filter>
    </ClCompile>
    <ClCompile Include="src\XMusicStreamer.cpp">
      <Filter>Source Files</Filter>
    </ClCompile>
  </ItemGroup>
  <ItemGroup>
    <ClInclude Include="include\ai.h">
      <Filter>Header Files</Filter>
    </ClInclude>
    <ClInclude Include="include\animation.h">
      <Filter>Header Files</Filter>
    </ClInclude>
    <ClInclude Include="include\chicken.h">
      <Filter>Header Files</Filter>
    </ClInclude>
    <ClInclude Include="include\clgfxres.h">
      <Filter>Header Files</Filter>
    </ClInclude>
    <ClInclude Include="include\clmenu.h">
      <Filter>Header Files</Filter>
    </ClInclude>
    <ClInclude Include="include\clres.h">
      <Filter>Header Files</Filter>
    </ClInclude>
    <ClInclude Include="include\clsfxres.h">
      <Filter>Header Files</Filter>
    </ClInclude>
    <ClInclude Include="include\entity.h">
      <Filter>Header Files</Filter>
    </ClInclude>
    <ClInclude Include="include\gameplay.h">
      <Filter>Header Files</Filter>
    </ClInclude>
    <ClInclude Include="include\physics.h">
      <Filter>Header Files</Filter>
    </ClInclude>
    <ClInclude Include="include\player.h">
      <Filter>Header Files</Filter>
    </ClInclude>
    <ClInclude Include="include\random.h">
      <Filter>Header Files</Filter>
    </ClInclude>
    <ClInclude Include="include\stat.h">
      <Filter>Header Files</Filter>
    </ClInclude>
    <ClInclude Include="include\textinfo.h">
      <Filter>Header Files</Filter>
    </ClInclude>
    <ClInclude Include="include\audiomanager.hpp">
      <Filter>Header Files</Filter>
    </ClInclude>
    <ClInclude Include="include\XSourceVoice.hpp">
      <Filter>Header Files</Filter>
    </ClInclude>
    <ClInclude Include="include\XAudioBuffer.hpp">
      <Filter>Header Files</Filter>
    </ClInclude>
    <ClInclude Include="include\audiomanager_c_bridge.h">
      <Filter>Header Files</Filter>
    </ClInclude>
    <ClInclude Include="include\XMusicStreamer.hpp">
      <Filter>Header Files</Filter>
    </ClInclude>
  </ItemGroup>
  <ItemGroup>
    <Image Include="icon1.ico">
      <Filter>Resource Files</Filter>
    </Image>
  </ItemGroup>
  <ItemGroup>
    <ResourceCompile Include="test.rc">
      <Filter>Resource Files</Filter>
    </ResourceCompile>
  </ItemGroup>
  <ItemGroup>
    <Text Include="ai.txt" />
    <Text Include="bugs.txt" />
    <Text Include="todo.txt" />
  </ItemGroup>
  <ItemGroup>
    <CustomBuild Include="scripts\gamegfx.brk">
      <Filter>Resource Files</Filter>
    </CustomBuild>
    <CustomBuild Include="scripts\gamesfx.brk">
      <Filter>Resource Files</Filter>
    </CustomBuild>
  </ItemGroup>
</Project>